
Microsoft Visual Studio Solution File, Format Version 12.00
# Visual Studio 14
VisualStudioVersion = 14.0.23107.0
MinimumVisualStudioVersion = 10.0.40219.1
Project("{8BC9CEB8-8B4A-11D0-8D11-00A0C91BC942}") = "FinalProject", "FinalProject\FinalProject.vcxproj", "{7E301AC4-3939-4CCE-94F0-42FD3E133605}"
EndProject
Project("{F088123C-0E9E-452A-89E6-6BA2F21D5CAC}") = "FinalProject_UML", "FinalProject_UML\FinalProject_UML.modelproj", "{9484D4E5-69B0-44D3-B3F9-9D69BD1E1991}"
EndProject
Global
	GlobalSection(SolutionConfigurationPlatforms) = preSolution
		Debug|Any CPU = Debug|Any CPU
		Debug|x64 = Debug|x64
		Debug|x86 = Debug|x86
		Release|Any CPU = Release|Any CPU
		Release|x64 = Release|x64
		Release|x86 = Release|x86
	EndGlobalSection
	GlobalSection(ProjectConfigurationPlatforms) = postSolution
		{7E301AC4-3939-4CCE-94F0-42FD3E133605}.Debug|Any CPU.ActiveCfg = Debug|Win32
		{7E301AC4-3939-4CCE-94F0-42FD3E133605}.Debug|x64.ActiveCfg = Debug|x64
		{7E301AC4-3939-4CCE-94F0-42FD3E133605}.Debug|x64.Build.0 = Debug|x64
		{7E301AC4-3939-4CCE-94F0-42FD3E133605}.Debug|x86.ActiveCfg = Debug|Win32
		{7E301AC4-3939-4CCE-94F0-42FD3E133605}.Debug|x86.Build.0 = Debug|Win32
		{7E301AC4-3939-4CCE-94F0-42FD3E133605}.Release|Any CPU.ActiveCfg = Release|Win32
		{7E301AC4-3939-4CCE-94F0-42FD3E133605}.Release|x64.ActiveCfg = Release|x64
		{7E301AC4-3939-4CCE-94F0-42FD3E133605}.Release|x64.Build.0 = Release|x64
		{7E301AC4-3939-4CCE-94F0-42FD3E133605}.Release|x86.ActiveCfg = Release|Win32
		{7E301AC4-3939-4CCE-94F0-42FD3E133605}.Release|x86.Build.0 = Release|Win32
		{9484D4E5-69B0-44D3-B3F9-9D69BD1E1991}.Debug|Any CPU.ActiveCfg = Debug|Any CPU
		{9484D4E5-69B0-44D3-B3F9-9D69BD1E1991}.Debug|Any CPU.Build.0 = Debug|Any CPU
		{9484D4E5-69B0-44D3-B3F9-9D69BD1E1991}.Debug|x64.ActiveCfg = Debug|Any CPU
		{9484D4E5-69B0-44D3-B3F9-9D69BD1E1991}.Debug|x64.Build.0 = Debug|Any CPU
		{9484D4E5-69B0-44D3-B3F9-9D69BD1E1991}.Debug|x86.ActiveCfg = Debug|Any CPU
		{9484D4E5-69B0-44D3-B3F9-9D69BD1E1991}.Debug|x86.Build.0 = Debug|Any CPU
		{9484D4E5-69B0-44D3-B3F9-9D69BD1E1991}.Release|Any CPU.ActiveCfg = Release|Any CPU
		{9484D4E5-69B0-44D3-B3F9-9D69BD1E1991}.Release|Any CPU.Build.0 = Release|Any CPU
		{9484D4E5-69B0-44D3-B3F9-9D69BD1E1991}.Release|x64.ActiveCfg = Release|Any CPU
		{9484D4E5-69B0-44D3-B3F9-9D69BD1E1991}.Release|x64.Build.0 = Release|Any CPU
		{9484D4E5-69B0-44D3-B3F9-9D69BD1E1991}.Release|x86.ActiveCfg = Release|Any CPU
		{9484D4E5-69B0-44D3-B3F9-9D69BD1E1991}.Release|x86.Build.0 = Release|Any CPU
	EndGlobalSection
	GlobalSection(SolutionProperties) = preSolution
		HideSolutionNode = FALSE
	EndGlobalSection
EndGlobal
